
Microsoft Visual Studio Solution File, Format Version 12.00
# Visual Studio Version 16
VisualStudioVersion = 16.0.29424.173
MinimumVisualStudioVersion = 10.0.40219.1
Project("{FAE04EC0-301F-11D3-BF4B-00C04F79EFBC}") = "HavocBot", "HavocBot\HavocBot.csproj", "{316E7905-953C-43D4-B189-4DF9DDF5523D}"
EndProject
Global
	GlobalSection(SolutionConfigurationPlatforms) = preSolution
		Debug|Any CPU = Debug|Any CPU
		Release|Any CPU = Release|Any CPU
	EndGlobalSection
	GlobalSection(ProjectConfigurationPlatforms) = postSolution
		{316E7905-953C-43D4-B189-4DF9DDF5523D}.Debug|Any CPU.ActiveCfg = Debug|Any CPU
		{316E7905-953C-43D4-B189-4DF9DDF5523D}.Debug|Any CPU.Build.0 = Debug|Any CPU
		{316E7905-953C-43D4-B189-4DF9DDF5523D}.Release|Any CPU.ActiveCfg = Release|Any CPU
		{316E7905-953C-43D4-B189-4DF9DDF5523D}.Release|Any CPU.Build.0 = Release|Any CPU
	EndGlobalSection
	GlobalSection(SolutionProperties) = preSolution
		HideSolutionNode = FALSE
	EndGlobalSection
	GlobalSection(ExtensibilityGlobals) = postSolution
		SolutionGuid = {0619EF15-75F3-454C-BCF1-2CC417706B79}
	EndGlobalSection
EndGlobal
